
Microsoft Visual Studio Solution File, Format Version 12.00
# Visual Studio Version 17
VisualStudioVersion = 17.11.35327.3
MinimumVisualStudioVersion = 10.0.40219.1
Project("{FAE04EC0-301F-11D3-BF4B-00C04F79EFBC}") = "ProductPurchaseApp.Web", "ProductPurchaseApp\ProductPurchaseApp.Web\ProductPurchaseApp.Web.csproj", "{740EC314-40DA-4475-8111-60E221817D82}"
EndProject
Global
	GlobalSection(SolutionConfigurationPlatforms) = preSolution
		Debug|Any CPU = Debug|Any CPU
		Release|Any CPU = Release|Any CPU
	EndGlobalSection
	GlobalSection(ProjectConfigurationPlatforms) = postSolution
		{740EC314-40DA-4475-8111-60E221817D82}.Debug|Any CPU.ActiveCfg = Debug|Any CPU
		{740EC314-40DA-4475-8111-60E221817D82}.Debug|Any CPU.Build.0 = Debug|Any CPU
		{740EC314-40DA-4475-8111-60E221817D82}.Release|Any CPU.ActiveCfg = Release|Any CPU
		{740EC314-40DA-4475-8111-60E221817D82}.Release|Any CPU.Build.0 = Release|Any CPU
	EndGlobalSection
	GlobalSection(SolutionProperties) = preSolution
		HideSolutionNode = FALSE
	EndGlobalSection
	GlobalSection(ExtensibilityGlobals) = postSolution
		SolutionGuid = {B21BE1EF-9BF5-43D4-BDCB-3B91050A038D}
	EndGlobalSection
EndGlobal
